
Microsoft Visual Studio Solution File, Format Version 12.00
# Visual Studio Version 17
VisualStudioVersion = 17.8.34309.116
MinimumVisualStudioVersion = 10.0.40219.1
Project("{2150E333-8FDC-42A3-9474-1A3956D46DE8}") = "04.App", "04.App", "{3F109823-B924-4BA9-A4A3-7164AAEF9AE9}"
EndProject
Project("{2150E333-8FDC-42A3-9474-1A3956D46DE8}") = "01.Infra", "01.Infra", "{5C97BB6E-1790-4E15-A309-7820E662D5F6}"
EndProject
Project("{2150E333-8FDC-42A3-9474-1A3956D46DE8}") = "02.Domain", "02.Domain", "{6F47E8DE-ACB5-4289-AB9B-BACE6975DB24}"
EndProject
Project("{9A19103F-16F7-4668-BE54-9A1E7A4F7556}") = "Jina.Passion.Api", "src\04.App\Jina.Passion.Api\Jina.Passion.Api.csproj", "{76C4D4E5-A8DF-453D-8CE9-E8762770600D}"
EndProject
Project("{9A19103F-16F7-4668-BE54-9A1E7A4F7556}") = "Jina.Domain", "src\02.Domain\Jina.Domain\Jina.Domain.csproj", "{4EFE0584-9B46-4500-97D6-8EC1B07DB00D}"
EndProject
Project("{9A19103F-16F7-4668-BE54-9A1E7A4F7556}") = "Jina.Domain.Abstract", "src\02.Domain\Jina.Domain.Abstract\Jina.Domain.Abstract.csproj", "{FD63FA03-54A5-42B8-80A0-3EFAD8163E65}"
EndProject
Project("{9A19103F-16F7-4668-BE54-9A1E7A4F7556}") = "Jina.Domain.Infra", "src\02.Domain\Jina.Domain.Infra\Jina.Domain.Infra.csproj", "{BDA820E2-A031-4C25-9B50-D17AE3D598E6}"
EndProject
Project("{2150E333-8FDC-42A3-9474-1A3956D46DE8}") = "03.Domain.Service", "03.Domain.Service", "{10E5DA75-9ACE-4679-989B-72EB734E4D99}"
EndProject
Project("{9A19103F-16F7-4668-BE54-9A1E7A4F7556}") = "Jina.Domain.Service.MultiLanguage", "src\03.Domain.Service\Jina.Domain.Service.MultiLanguage\Jina.Domain.Service.MultiLanguage.csproj", "{93386BD3-CBFA-410E-A31A-850F7D07A9C1}"
EndProject
Project("{9A19103F-16F7-4668-BE54-9A1E7A4F7556}") = "Jina.Domain.Service.Account", "src\03.Domain.Service\Jina.Domain.Service.Account\Jina.Domain.Service.Account.csproj", "{E5D95032-008F-4C05-AEC9-13FD5D10BDA5}"
EndProject
Project("{9A19103F-16F7-4668-BE54-9A1E7A4F7556}") = "Jina.Domain.Service.Net", "src\03.Domain.Service\Jina.Domain.Service.Net\Jina.Domain.Service.Net.csproj", "{1287740B-98F0-409C-A7EC-A10ABC33DCF3}"
EndProject
Project("{9A19103F-16F7-4668-BE54-9A1E7A4F7556}") = "Jina", "..\JINA\src\jina\Jina.csproj", "{51EF63FC-B36C-42B7-AA4C-82A5E7F3A373}"
EndProject
Project("{9A19103F-16F7-4668-BE54-9A1E7A4F7556}") = "Jina.Lang", "..\JINA\src\Jina.Lang\Jina.Lang.csproj", "{796F6AF5-9F52-4699-A13B-9F16045D4D96}"
EndProject
Project("{9A19103F-16F7-4668-BE54-9A1E7A4F7556}") = "Jina.Sql", "..\JINA\src\Jina.Sql\Jina.Sql.csproj", "{368A0983-CFE0-448D-9B91-5AD194077E48}"
EndProject
Project("{9A19103F-16F7-4668-BE54-9A1E7A4F7556}") = "eXtensionSharp", "..\eXtensionSharp\src\eXtensionSharp.csproj", "{C263647A-7797-4339-BE22-7398C79FB203}"
EndProject
Project("{9A19103F-16F7-4668-BE54-9A1E7A4F7556}") = "Jina.Domain.Entity", "src\02.Domain\Jina.Domain.Entity\Jina.Domain.Entity.csproj", "{E9301D03-5C01-4F75-85CF-75934E385767}"
EndProject
Project("{2150E333-8FDC-42A3-9474-1A3956D46DE8}") = "99.Test", "99.Test", "{D54D4183-2360-42E0-8C86-A3F553F61E49}"
EndProject
Project("{9A19103F-16F7-4668-BE54-9A1E7A4F7556}") = "Jina.Test", "src\99.Test\Jina.Test\Jina.Test.csproj", "{584A48F8-D711-4BDD-B734-3300C66C836A}"
EndProject
Project("{9A19103F-16F7-4668-BE54-9A1E7A4F7556}") = "Jina.Validate", "..\JINA\src\Jina.Validate\Jina.Validate.csproj", "{04C0959D-8ADD-4847-A994-300BC2341A0C}"
EndProject
Project("{9A19103F-16F7-4668-BE54-9A1E7A4F7556}") = "Jina.Domain.SharedKernel", "src\02.Domain\Jina.Domain.Kernel\Jina.Domain.SharedKernel.csproj", "{85793CCA-CCD3-45BB-8113-E191DBDD9DBA}"
EndProject
Project("{2150E333-8FDC-42A3-9474-1A3956D46DE8}") = "솔루션 항목", "솔루션 항목", "{91F8CE68-CDB1-444C-B9B5-452312B567FF}"
	ProjectSection(SolutionItems) = preProject
		README.md = README.md
	EndProjectSection
EndProject
Global
	GlobalSection(SolutionConfigurationPlatforms) = preSolution
		Debug|Any CPU = Debug|Any CPU
		Release|Any CPU = Release|Any CPU
	EndGlobalSection
	GlobalSection(ProjectConfigurationPlatforms) = postSolution
		{76C4D4E5-A8DF-453D-8CE9-E8762770600D}.Debug|Any CPU.ActiveCfg = Debug|Any CPU
		{76C4D4E5-A8DF-453D-8CE9-E8762770600D}.Debug|Any CPU.Build.0 = Debug|Any CPU
		{76C4D4E5-A8DF-453D-8CE9-E8762770600D}.Release|Any CPU.ActiveCfg = Release|Any CPU
		{76C4D4E5-A8DF-453D-8CE9-E8762770600D}.Release|Any CPU.Build.0 = Release|Any CPU
		{4EFE0584-9B46-4500-97D6-8EC1B07DB00D}.Debug|Any CPU.ActiveCfg = Debug|Any CPU
		{4EFE0584-9B46-4500-97D6-8EC1B07DB00D}.Debug|Any CPU.Build.0 = Debug|Any CPU
		{4EFE0584-9B46-4500-97D6-8EC1B07DB00D}.Release|Any CPU.ActiveCfg = Release|Any CPU
		{4EFE0584-9B46-4500-97D6-8EC1B07DB00D}.Release|Any CPU.Build.0 = Release|Any CPU
		{FD63FA03-54A5-42B8-80A0-3EFAD8163E65}.Debug|Any CPU.ActiveCfg = Debug|Any CPU
		{FD63FA03-54A5-42B8-80A0-3EFAD8163E65}.Debug|Any CPU.Build.0 = Debug|Any CPU
		{FD63FA03-54A5-42B8-80A0-3EFAD8163E65}.Release|Any CPU.ActiveCfg = Release|Any CPU
		{FD63FA03-54A5-42B8-80A0-3EFAD8163E65}.Release|Any CPU.Build.0 = Release|Any CPU
		{BDA820E2-A031-4C25-9B50-D17AE3D598E6}.Debug|Any CPU.ActiveCfg = Debug|Any CPU
		{BDA820E2-A031-4C25-9B50-D17AE3D598E6}.Debug|Any CPU.Build.0 = Debug|Any CPU
		{BDA820E2-A031-4C25-9B50-D17AE3D598E6}.Release|Any CPU.ActiveCfg = Release|Any CPU
		{BDA820E2-A031-4C25-9B50-D17AE3D598E6}.Release|Any CPU.Build.0 = Release|Any CPU
		{93386BD3-CBFA-410E-A31A-850F7D07A9C1}.Debug|Any CPU.ActiveCfg = Debug|Any CPU
		{93386BD3-CBFA-410E-A31A-850F7D07A9C1}.Debug|Any CPU.Build.0 = Debug|Any CPU
		{93386BD3-CBFA-410E-A31A-850F7D07A9C1}.Release|Any CPU.ActiveCfg = Release|Any CPU
		{93386BD3-CBFA-410E-A31A-850F7D07A9C1}.Release|Any CPU.Build.0 = Release|Any CPU
		{E5D95032-008F-4C05-AEC9-13FD5D10BDA5}.Debug|Any CPU.ActiveCfg = Debug|Any CPU
		{E5D95032-008F-4C05-AEC9-13FD5D10BDA5}.Debug|Any CPU.Build.0 = Debug|Any CPU
		{E5D95032-008F-4C05-AEC9-13FD5D10BDA5}.Release|Any CPU.ActiveCfg = Release|Any CPU
		{E5D95032-008F-4C05-AEC9-13FD5D10BDA5}.Release|Any CPU.Build.0 = Release|Any CPU
		{1287740B-98F0-409C-A7EC-A10ABC33DCF3}.Debug|Any CPU.ActiveCfg = Debug|Any CPU
		{1287740B-98F0-409C-A7EC-A10ABC33DCF3}.Debug|Any CPU.Build.0 = Debug|Any CPU
		{1287740B-98F0-409C-A7EC-A10ABC33DCF3}.Release|Any CPU.ActiveCfg = Release|Any CPU
		{1287740B-98F0-409C-A7EC-A10ABC33DCF3}.Release|Any CPU.Build.0 = Release|Any CPU
		{51EF63FC-B36C-42B7-AA4C-82A5E7F3A373}.Debug|Any CPU.ActiveCfg = Debug|Any CPU
		{51EF63FC-B36C-42B7-AA4C-82A5E7F3A373}.Debug|Any CPU.Build.0 = Debug|Any CPU
		{51EF63FC-B36C-42B7-AA4C-82A5E7F3A373}.Release|Any CPU.ActiveCfg = Release|Any CPU
		{51EF63FC-B36C-42B7-AA4C-82A5E7F3A373}.Release|Any CPU.Build.0 = Release|Any CPU
		{796F6AF5-9F52-4699-A13B-9F16045D4D96}.Debug|Any CPU.ActiveCfg = Debug|Any CPU
		{796F6AF5-9F52-4699-A13B-9F16045D4D96}.Debug|Any CPU.Build.0 = Debug|Any CPU
		{796F6AF5-9F52-4699-A13B-9F16045D4D96}.Release|Any CPU.ActiveCfg = Release|Any CPU
		{796F6AF5-9F52-4699-A13B-9F16045D4D96}.Release|Any CPU.Build.0 = Release|Any CPU
		{368A0983-CFE0-448D-9B91-5AD194077E48}.Debug|Any CPU.ActiveCfg = Debug|Any CPU
		{368A0983-CFE0-448D-9B91-5AD194077E48}.Debug|Any CPU.Build.0 = Debug|Any CPU
		{368A0983-CFE0-448D-9B91-5AD194077E48}.Release|Any CPU.ActiveCfg = Release|Any CPU
		{368A0983-CFE0-448D-9B91-5AD194077E48}.Release|Any CPU.Build.0 = Release|Any CPU
		{C263647A-7797-4339-BE22-7398C79FB203}.Debug|Any CPU.ActiveCfg = Debug|Any CPU
		{C263647A-7797-4339-BE22-7398C79FB203}.Debug|Any CPU.Build.0 = Debug|Any CPU
		{C263647A-7797-4339-BE22-7398C79FB203}.Release|Any CPU.ActiveCfg = Release|Any CPU
		{C263647A-7797-4339-BE22-7398C79FB203}.Release|Any CPU.Build.0 = Release|Any CPU
		{E9301D03-5C01-4F75-85CF-75934E385767}.Debug|Any CPU.ActiveCfg = Debug|Any CPU
		{E9301D03-5C01-4F75-85CF-75934E385767}.Debug|Any CPU.Build.0 = Debug|Any CPU
		{E9301D03-5C01-4F75-85CF-75934E385767}.Release|Any CPU.ActiveCfg = Release|Any CPU
		{E9301D03-5C01-4F75-85CF-75934E385767}.Release|Any CPU.Build.0 = Release|Any CPU
		{584A48F8-D711-4BDD-B734-3300C66C836A}.Debug|Any CPU.ActiveCfg = Debug|Any CPU
		{584A48F8-D711-4BDD-B734-3300C66C836A}.Debug|Any CPU.Build.0 = Debug|Any CPU
		{584A48F8-D711-4BDD-B734-3300C66C836A}.Release|Any CPU.ActiveCfg = Release|Any CPU
		{584A48F8-D711-4BDD-B734-3300C66C836A}.Release|Any CPU.Build.0 = Release|Any CPU
		{04C0959D-8ADD-4847-A994-300BC2341A0C}.Debug|Any CPU.ActiveCfg = Debug|Any CPU
		{04C0959D-8ADD-4847-A994-300BC2341A0C}.Debug|Any CPU.Build.0 = Debug|Any CPU
		{04C0959D-8ADD-4847-A994-300BC2341A0C}.Release|Any CPU.ActiveCfg = Release|Any CPU
		{04C0959D-8ADD-4847-A994-300BC2341A0C}.Release|Any CPU.Build.0 = Release|Any CPU
		{85793CCA-CCD3-45BB-8113-E191DBDD9DBA}.Debug|Any CPU.ActiveCfg = Debug|Any CPU
		{85793CCA-CCD3-45BB-8113-E191DBDD9DBA}.Debug|Any CPU.Build.0 = Debug|Any CPU
		{85793CCA-CCD3-45BB-8113-E191DBDD9DBA}.Release|Any CPU.ActiveCfg = Release|Any CPU
		{85793CCA-CCD3-45BB-8113-E191DBDD9DBA}.Release|Any CPU.Build.0 = Release|Any CPU
	EndGlobalSection
	GlobalSection(SolutionProperties) = preSolution
		HideSolutionNode = FALSE
	EndGlobalSection
	GlobalSection(NestedProjects) = preSolution
		{76C4D4E5-A8DF-453D-8CE9-E8762770600D} = {3F109823-B924-4BA9-A4A3-7164AAEF9AE9}
		{4EFE0584-9B46-4500-97D6-8EC1B07DB00D} = {6F47E8DE-ACB5-4289-AB9B-BACE6975DB24}
		{FD63FA03-54A5-42B8-80A0-3EFAD8163E65} = {6F47E8DE-ACB5-4289-AB9B-BACE6975DB24}
		{BDA820E2-A031-4C25-9B50-D17AE3D598E6} = {6F47E8DE-ACB5-4289-AB9B-BACE6975DB24}
		{93386BD3-CBFA-410E-A31A-850F7D07A9C1} = {10E5DA75-9ACE-4679-989B-72EB734E4D99}
		{E5D95032-008F-4C05-AEC9-13FD5D10BDA5} = {10E5DA75-9ACE-4679-989B-72EB734E4D99}
		{1287740B-98F0-409C-A7EC-A10ABC33DCF3} = {10E5DA75-9ACE-4679-989B-72EB734E4D99}
		{51EF63FC-B36C-42B7-AA4C-82A5E7F3A373} = {5C97BB6E-1790-4E15-A309-7820E662D5F6}
		{796F6AF5-9F52-4699-A13B-9F16045D4D96} = {5C97BB6E-1790-4E15-A309-7820E662D5F6}
		{368A0983-CFE0-448D-9B91-5AD194077E48} = {5C97BB6E-1790-4E15-A309-7820E662D5F6}
		{C263647A-7797-4339-BE22-7398C79FB203} = {5C97BB6E-1790-4E15-A309-7820E662D5F6}
		{E9301D03-5C01-4F75-85CF-75934E385767} = {6F47E8DE-ACB5-4289-AB9B-BACE6975DB24}
		{584A48F8-D711-4BDD-B734-3300C66C836A} = {D54D4183-2360-42E0-8C86-A3F553F61E49}
		{04C0959D-8ADD-4847-A994-300BC2341A0C} = {5C97BB6E-1790-4E15-A309-7820E662D5F6}
		{85793CCA-CCD3-45BB-8113-E191DBDD9DBA} = {6F47E8DE-ACB5-4289-AB9B-BACE6975DB24}
	EndGlobalSection
	GlobalSection(ExtensibilityGlobals) = postSolution
		SolutionGuid = {D3F399BD-DFC6-41B1-9452-44E74499EF10}
	EndGlobalSection
EndGlobal
