
Microsoft Visual Studio Solution File, Format Version 12.00
Project("{2150E333-8FDC-42A3-9474-1A3956D46DE8}") = "01.Infra", "01.Infra", "{169036F8-4425-BF55-AAA4-C272DC4052F9}"
EndProject
Project("{FAE04EC0-301F-11D3-BF4B-00C04F79EFBC}") = "eXtensionSharp.AspNet", "..\eXtensionSharp.AspNet\src\eXtensionSharp.AspNet.csproj", "{162DCE8F-7991-6D84-B180-63944A72E219}"
EndProject
Project("{FAE04EC0-301F-11D3-BF4B-00C04F79EFBC}") = "Jina.Lang", "..\JINA\src\Jina.Lang\Jina.Lang.csproj", "{AA101612-D43E-1D5D-658A-FEDB020605FF}"
EndProject
Project("{FAE04EC0-301F-11D3-BF4B-00C04F79EFBC}") = "Jina.Validate", "..\JINA\src\Jina.Validate\Jina.Validate.csproj", "{F823BC42-9D3E-A8F0-685D-16055D3FD8B8}"
EndProject
Project("{FAE04EC0-301F-11D3-BF4B-00C04F79EFBC}") = "Jina", "..\JINA\src\jina\Jina.csproj", "{1FE3B3B2-9AB3-E027-FCF4-E426705674E4}"
EndProject
Project("{2150E333-8FDC-42A3-9474-1A3956D46DE8}") = "02.Domain", "02.Domain", "{A5B83C9B-9A64-72CA-2E01-010AF94370D8}"
EndProject
Project("{FAE04EC0-301F-11D3-BF4B-00C04F79EFBC}") = "Jina.Domain.Abstract", "src\02.Domain\Jina.Domain.Abstract\Jina.Domain.Abstract.csproj", "{629D28B1-3FC9-0955-02F6-BC124AF08206}"
EndProject
Project("{FAE04EC0-301F-11D3-BF4B-00C04F79EFBC}") = "Jina.Domain.Entity", "src\02.Domain\Jina.Domain.Entity\Jina.Domain.Entity.csproj", "{2DCF8C2C-AD07-5066-5A02-94AD37D7998B}"
EndProject
Project("{FAE04EC0-301F-11D3-BF4B-00C04F79EFBC}") = "Jina.Domain", "src\02.Domain\Jina.Domain\Jina.Domain.csproj", "{7DCEFB47-95ED-2A63-CD41-1163B43422AE}"
EndProject
Project("{2150E333-8FDC-42A3-9474-1A3956D46DE8}") = "03.Domain.Service", "03.Domain.Service", "{1933E18C-E689-FD9A-B6ED-FBF0E32C8BFD}"
EndProject
Project("{FAE04EC0-301F-11D3-BF4B-00C04F79EFBC}") = "Jina.Domain.Service.Infra", "src\02.Domain\Jina.Domain.Infra\Jina.Domain.Service.Infra.csproj", "{B965D939-FE7B-3E61-34A4-5823816FC3B0}"
EndProject
Project("{FAE04EC0-301F-11D3-BF4B-00C04F79EFBC}") = "Jina.Domain.Service.Account", "src\03.Domain.Service\Jina.Domain.Service.Account\Jina.Domain.Service.Account.csproj", "{0E5A5D30-5E72-79D7-1655-1771AF5828D6}"
EndProject
Project("{FAE04EC0-301F-11D3-BF4B-00C04F79EFBC}") = "Jina.Domain.Service.Example", "src\03.Domain.Service\Jina.Domain.Service.Example\Jina.Domain.Service.Example.csproj", "{903FEE32-19CE-97B6-A9FB-777B96D1F2AD}"
EndProject
Project("{FAE04EC0-301F-11D3-BF4B-00C04F79EFBC}") = "Jina.Domain.Service.Language", "src\03.Domain.Service\Jina.Domain.Service.Language\Jina.Domain.Service.Language.csproj", "{E9B5C735-EDD4-5DB1-B7F0-CF8F38C8B512}"
EndProject
Project("{FAE04EC0-301F-11D3-BF4B-00C04F79EFBC}") = "Jina.Domain.Service.Net", "src\03.Domain.Service\Jina.Domain.Service.Net\Jina.Domain.Service.Net.csproj", "{1ED53F0E-F7D3-D754-975A-4122CFB58B44}"
EndProject
Project("{2150E333-8FDC-42A3-9474-1A3956D46DE8}") = "04.App", "04.App", "{FC083079-59DB-F64E-8AC1-B78B4B1AD30E}"
EndProject
Project("{FAE04EC0-301F-11D3-BF4B-00C04F79EFBC}") = "Jina.Passion.Api", "src\04.App\Jina.Passion.Api\Jina.Passion.Api.csproj", "{A34CE0D7-CDA0-6095-F177-2F97E61393FE}"
EndProject
Project("{FAE04EC0-301F-11D3-BF4B-00C04F79EFBC}") = "Jina.Passion.Client", "src\04.App\Jina.Passion.Client\Jina.Passion.Client.csproj", "{850DE5B7-1289-FB8C-7869-8C54DD3DB5B5}"
EndProject
Project("{2150E333-8FDC-42A3-9474-1A3956D46DE8}") = "99.Test", "99.Test", "{482D57B4-D2FB-7E7B-1E22-23DE3C4349F4}"
EndProject
Project("{FAE04EC0-301F-11D3-BF4B-00C04F79EFBC}") = "Jina.Db.Test", "src\99.Test\Jina.Db.Test\Jina.Db.Test.csproj", "{F815E088-2B25-5813-091B-36B2D6BE11FF}"
EndProject
Project("{FAE04EC0-301F-11D3-BF4B-00C04F79EFBC}") = "Jina.Test", "src\99.Test\Jina.Test\Jina.Test.csproj", "{4B4F2C63-2421-0785-44DC-E376EFB422F6}"
EndProject
Project("{2150E333-8FDC-42A3-9474-1A3956D46DE8}") = "솔루션 항목", "솔루션 항목", "{C42D1E07-FCD5-F6B7-F1D9-D8501DA4A87D}"
	ProjectSection(SolutionItems) = preProject
		README.md = README.md
	EndProjectSection
EndProject
Global
	GlobalSection(SolutionConfigurationPlatforms) = preSolution
		Debug|Any CPU = Debug|Any CPU
		Release|Any CPU = Release|Any CPU
	EndGlobalSection
	GlobalSection(ProjectConfigurationPlatforms) = postSolution
		{162DCE8F-7991-6D84-B180-63944A72E219}.Debug|Any CPU.ActiveCfg = Debug|Any CPU
		{162DCE8F-7991-6D84-B180-63944A72E219}.Debug|Any CPU.Build.0 = Debug|Any CPU
		{162DCE8F-7991-6D84-B180-63944A72E219}.Release|Any CPU.ActiveCfg = Release|Any CPU
		{162DCE8F-7991-6D84-B180-63944A72E219}.Release|Any CPU.Build.0 = Release|Any CPU
		{AA101612-D43E-1D5D-658A-FEDB020605FF}.Debug|Any CPU.ActiveCfg = Debug|Any CPU
		{AA101612-D43E-1D5D-658A-FEDB020605FF}.Debug|Any CPU.Build.0 = Debug|Any CPU
		{AA101612-D43E-1D5D-658A-FEDB020605FF}.Release|Any CPU.ActiveCfg = Release|Any CPU
		{AA101612-D43E-1D5D-658A-FEDB020605FF}.Release|Any CPU.Build.0 = Release|Any CPU
		{F823BC42-9D3E-A8F0-685D-16055D3FD8B8}.Debug|Any CPU.ActiveCfg = Debug|Any CPU
		{F823BC42-9D3E-A8F0-685D-16055D3FD8B8}.Debug|Any CPU.Build.0 = Debug|Any CPU
		{F823BC42-9D3E-A8F0-685D-16055D3FD8B8}.Release|Any CPU.ActiveCfg = Release|Any CPU
		{F823BC42-9D3E-A8F0-685D-16055D3FD8B8}.Release|Any CPU.Build.0 = Release|Any CPU
		{1FE3B3B2-9AB3-E027-FCF4-E426705674E4}.Debug|Any CPU.ActiveCfg = Debug|Any CPU
		{1FE3B3B2-9AB3-E027-FCF4-E426705674E4}.Debug|Any CPU.Build.0 = Debug|Any CPU
		{1FE3B3B2-9AB3-E027-FCF4-E426705674E4}.Release|Any CPU.ActiveCfg = Release|Any CPU
		{1FE3B3B2-9AB3-E027-FCF4-E426705674E4}.Release|Any CPU.Build.0 = Release|Any CPU
		{629D28B1-3FC9-0955-02F6-BC124AF08206}.Debug|Any CPU.ActiveCfg = Debug|Any CPU
		{629D28B1-3FC9-0955-02F6-BC124AF08206}.Debug|Any CPU.Build.0 = Debug|Any CPU
		{629D28B1-3FC9-0955-02F6-BC124AF08206}.Release|Any CPU.ActiveCfg = Release|Any CPU
		{629D28B1-3FC9-0955-02F6-BC124AF08206}.Release|Any CPU.Build.0 = Release|Any CPU
		{2DCF8C2C-AD07-5066-5A02-94AD37D7998B}.Debug|Any CPU.ActiveCfg = Debug|Any CPU
		{2DCF8C2C-AD07-5066-5A02-94AD37D7998B}.Debug|Any CPU.Build.0 = Debug|Any CPU
		{2DCF8C2C-AD07-5066-5A02-94AD37D7998B}.Release|Any CPU.ActiveCfg = Release|Any CPU
		{2DCF8C2C-AD07-5066-5A02-94AD37D7998B}.Release|Any CPU.Build.0 = Release|Any CPU
		{7DCEFB47-95ED-2A63-CD41-1163B43422AE}.Debug|Any CPU.ActiveCfg = Debug|Any CPU
		{7DCEFB47-95ED-2A63-CD41-1163B43422AE}.Debug|Any CPU.Build.0 = Debug|Any CPU
		{7DCEFB47-95ED-2A63-CD41-1163B43422AE}.Release|Any CPU.ActiveCfg = Release|Any CPU
		{7DCEFB47-95ED-2A63-CD41-1163B43422AE}.Release|Any CPU.Build.0 = Release|Any CPU
		{B965D939-FE7B-3E61-34A4-5823816FC3B0}.Debug|Any CPU.ActiveCfg = Debug|Any CPU
		{B965D939-FE7B-3E61-34A4-5823816FC3B0}.Debug|Any CPU.Build.0 = Debug|Any CPU
		{B965D939-FE7B-3E61-34A4-5823816FC3B0}.Release|Any CPU.ActiveCfg = Release|Any CPU
		{B965D939-FE7B-3E61-34A4-5823816FC3B0}.Release|Any CPU.Build.0 = Release|Any CPU
		{0E5A5D30-5E72-79D7-1655-1771AF5828D6}.Debug|Any CPU.ActiveCfg = Debug|Any CPU
		{0E5A5D30-5E72-79D7-1655-1771AF5828D6}.Debug|Any CPU.Build.0 = Debug|Any CPU
		{0E5A5D30-5E72-79D7-1655-1771AF5828D6}.Release|Any CPU.ActiveCfg = Release|Any CPU
		{0E5A5D30-5E72-79D7-1655-1771AF5828D6}.Release|Any CPU.Build.0 = Release|Any CPU
		{903FEE32-19CE-97B6-A9FB-777B96D1F2AD}.Debug|Any CPU.ActiveCfg = Debug|Any CPU
		{903FEE32-19CE-97B6-A9FB-777B96D1F2AD}.Debug|Any CPU.Build.0 = Debug|Any CPU
		{903FEE32-19CE-97B6-A9FB-777B96D1F2AD}.Release|Any CPU.ActiveCfg = Release|Any CPU
		{903FEE32-19CE-97B6-A9FB-777B96D1F2AD}.Release|Any CPU.Build.0 = Release|Any CPU
		{E9B5C735-EDD4-5DB1-B7F0-CF8F38C8B512}.Debug|Any CPU.ActiveCfg = Debug|Any CPU
		{E9B5C735-EDD4-5DB1-B7F0-CF8F38C8B512}.Debug|Any CPU.Build.0 = Debug|Any CPU
		{E9B5C735-EDD4-5DB1-B7F0-CF8F38C8B512}.Release|Any CPU.ActiveCfg = Release|Any CPU
		{E9B5C735-EDD4-5DB1-B7F0-CF8F38C8B512}.Release|Any CPU.Build.0 = Release|Any CPU
		{1ED53F0E-F7D3-D754-975A-4122CFB58B44}.Debug|Any CPU.ActiveCfg = Debug|Any CPU
		{1ED53F0E-F7D3-D754-975A-4122CFB58B44}.Debug|Any CPU.Build.0 = Debug|Any CPU
		{1ED53F0E-F7D3-D754-975A-4122CFB58B44}.Release|Any CPU.ActiveCfg = Release|Any CPU
		{1ED53F0E-F7D3-D754-975A-4122CFB58B44}.Release|Any CPU.Build.0 = Release|Any CPU
		{A34CE0D7-CDA0-6095-F177-2F97E61393FE}.Debug|Any CPU.ActiveCfg = Debug|Any CPU
		{A34CE0D7-CDA0-6095-F177-2F97E61393FE}.Debug|Any CPU.Build.0 = Debug|Any CPU
		{A34CE0D7-CDA0-6095-F177-2F97E61393FE}.Release|Any CPU.ActiveCfg = Release|Any CPU
		{A34CE0D7-CDA0-6095-F177-2F97E61393FE}.Release|Any CPU.Build.0 = Release|Any CPU
		{850DE5B7-1289-FB8C-7869-8C54DD3DB5B5}.Debug|Any CPU.ActiveCfg = Debug|Any CPU
		{850DE5B7-1289-FB8C-7869-8C54DD3DB5B5}.Debug|Any CPU.Build.0 = Debug|Any CPU
		{850DE5B7-1289-FB8C-7869-8C54DD3DB5B5}.Release|Any CPU.ActiveCfg = Release|Any CPU
		{850DE5B7-1289-FB8C-7869-8C54DD3DB5B5}.Release|Any CPU.Build.0 = Release|Any CPU
		{F815E088-2B25-5813-091B-36B2D6BE11FF}.Debug|Any CPU.ActiveCfg = Debug|Any CPU
		{F815E088-2B25-5813-091B-36B2D6BE11FF}.Debug|Any CPU.Build.0 = Debug|Any CPU
		{F815E088-2B25-5813-091B-36B2D6BE11FF}.Release|Any CPU.ActiveCfg = Release|Any CPU
		{F815E088-2B25-5813-091B-36B2D6BE11FF}.Release|Any CPU.Build.0 = Release|Any CPU
		{4B4F2C63-2421-0785-44DC-E376EFB422F6}.Debug|Any CPU.ActiveCfg = Debug|Any CPU
		{4B4F2C63-2421-0785-44DC-E376EFB422F6}.Debug|Any CPU.Build.0 = Debug|Any CPU
		{4B4F2C63-2421-0785-44DC-E376EFB422F6}.Release|Any CPU.ActiveCfg = Release|Any CPU
		{4B4F2C63-2421-0785-44DC-E376EFB422F6}.Release|Any CPU.Build.0 = Release|Any CPU
	EndGlobalSection
	GlobalSection(NestedProjects) = preSolution
		{162DCE8F-7991-6D84-B180-63944A72E219} = {169036F8-4425-BF55-AAA4-C272DC4052F9}
		{AA101612-D43E-1D5D-658A-FEDB020605FF} = {169036F8-4425-BF55-AAA4-C272DC4052F9}
		{F823BC42-9D3E-A8F0-685D-16055D3FD8B8} = {169036F8-4425-BF55-AAA4-C272DC4052F9}
		{1FE3B3B2-9AB3-E027-FCF4-E426705674E4} = {169036F8-4425-BF55-AAA4-C272DC4052F9}
		{629D28B1-3FC9-0955-02F6-BC124AF08206} = {A5B83C9B-9A64-72CA-2E01-010AF94370D8}
		{2DCF8C2C-AD07-5066-5A02-94AD37D7998B} = {A5B83C9B-9A64-72CA-2E01-010AF94370D8}
		{7DCEFB47-95ED-2A63-CD41-1163B43422AE} = {A5B83C9B-9A64-72CA-2E01-010AF94370D8}
		{B965D939-FE7B-3E61-34A4-5823816FC3B0} = {1933E18C-E689-FD9A-B6ED-FBF0E32C8BFD}
		{0E5A5D30-5E72-79D7-1655-1771AF5828D6} = {1933E18C-E689-FD9A-B6ED-FBF0E32C8BFD}
		{903FEE32-19CE-97B6-A9FB-777B96D1F2AD} = {1933E18C-E689-FD9A-B6ED-FBF0E32C8BFD}
		{E9B5C735-EDD4-5DB1-B7F0-CF8F38C8B512} = {1933E18C-E689-FD9A-B6ED-FBF0E32C8BFD}
		{1ED53F0E-F7D3-D754-975A-4122CFB58B44} = {1933E18C-E689-FD9A-B6ED-FBF0E32C8BFD}
		{A34CE0D7-CDA0-6095-F177-2F97E61393FE} = {FC083079-59DB-F64E-8AC1-B78B4B1AD30E}
		{850DE5B7-1289-FB8C-7869-8C54DD3DB5B5} = {FC083079-59DB-F64E-8AC1-B78B4B1AD30E}
		{F815E088-2B25-5813-091B-36B2D6BE11FF} = {482D57B4-D2FB-7E7B-1E22-23DE3C4349F4}
		{4B4F2C63-2421-0785-44DC-E376EFB422F6} = {482D57B4-D2FB-7E7B-1E22-23DE3C4349F4}
	EndGlobalSection
EndGlobal
