
Microsoft Visual Studio Solution File, Format Version 12.00
# Visual Studio Version 17
VisualStudioVersion = 17.8.34309.116
MinimumVisualStudioVersion = 10.0.40219.1
Project("{2150E333-8FDC-42A3-9474-1A3956D46DE8}") = "04.App", "04.App", "{3F109823-B924-4BA9-A4A3-7164AAEF9AE9}"
EndProject
Project("{2150E333-8FDC-42A3-9474-1A3956D46DE8}") = "01.Infra", "01.Infra", "{5C97BB6E-1790-4E15-A309-7820E662D5F6}"
EndProject
Project("{2150E333-8FDC-42A3-9474-1A3956D46DE8}") = "02.Domain", "02.Domain", "{6F47E8DE-ACB5-4289-AB9B-BACE6975DB24}"
EndProject
Project("{9A19103F-16F7-4668-BE54-9A1E7A4F7556}") = "Jina.Passion.Api", "src\04.App\Jina.Passion.Api\Jina.Passion.Api.csproj", "{76C4D4E5-A8DF-453D-8CE9-E8762770600D}"
EndProject
Project("{9A19103F-16F7-4668-BE54-9A1E7A4F7556}") = "Jina.Domain", "src\02.Domain\Jina.Domain\Jina.Domain.csproj", "{4EFE0584-9B46-4500-97D6-8EC1B07DB00D}"
EndProject
Project("{9A19103F-16F7-4668-BE54-9A1E7A4F7556}") = "Jina.Domain.Abstract", "src\02.Domain\Jina.Domain.Abstract\Jina.Domain.Abstract.csproj", "{FD63FA03-54A5-42B8-80A0-3EFAD8163E65}"
EndProject
Project("{9A19103F-16F7-4668-BE54-9A1E7A4F7556}") = "Jina.Domain.Service.Infra", "src\02.Domain\Jina.Domain.Infra\Jina.Domain.Service.Infra.csproj", "{BDA820E2-A031-4C25-9B50-D17AE3D598E6}"
EndProject
Project("{2150E333-8FDC-42A3-9474-1A3956D46DE8}") = "03.Domain.Service", "03.Domain.Service", "{10E5DA75-9ACE-4679-989B-72EB734E4D99}"
EndProject
Project("{9A19103F-16F7-4668-BE54-9A1E7A4F7556}") = "Jina.Domain.Service.Account", "src\03.Domain.Service\Jina.Domain.Service.Account\Jina.Domain.Service.Account.csproj", "{E5D95032-008F-4C05-AEC9-13FD5D10BDA5}"
EndProject
Project("{9A19103F-16F7-4668-BE54-9A1E7A4F7556}") = "Jina.Domain.Service.Net", "src\03.Domain.Service\Jina.Domain.Service.Net\Jina.Domain.Service.Net.csproj", "{1287740B-98F0-409C-A7EC-A10ABC33DCF3}"
EndProject
Project("{9A19103F-16F7-4668-BE54-9A1E7A4F7556}") = "Jina", "..\JINA\src\jina\Jina.csproj", "{51EF63FC-B36C-42B7-AA4C-82A5E7F3A373}"
EndProject
Project("{9A19103F-16F7-4668-BE54-9A1E7A4F7556}") = "Jina.Domain.Entity", "src\02.Domain\Jina.Domain.Entity\Jina.Domain.Entity.csproj", "{E9301D03-5C01-4F75-85CF-75934E385767}"
EndProject
Project("{2150E333-8FDC-42A3-9474-1A3956D46DE8}") = "99.Test", "99.Test", "{D54D4183-2360-42E0-8C86-A3F553F61E49}"
EndProject
Project("{9A19103F-16F7-4668-BE54-9A1E7A4F7556}") = "Jina.Test", "src\99.Test\Jina.Test\Jina.Test.csproj", "{584A48F8-D711-4BDD-B734-3300C66C836A}"
EndProject
Project("{9A19103F-16F7-4668-BE54-9A1E7A4F7556}") = "Jina.Validate", "..\JINA\src\Jina.Validate\Jina.Validate.csproj", "{04C0959D-8ADD-4847-A994-300BC2341A0C}"
EndProject
Project("{2150E333-8FDC-42A3-9474-1A3956D46DE8}") = "솔루션 항목", "솔루션 항목", "{91F8CE68-CDB1-444C-B9B5-452312B567FF}"
	ProjectSection(SolutionItems) = preProject
		README.md = README.md
	EndProjectSection
EndProject
Project("{9A19103F-16F7-4668-BE54-9A1E7A4F7556}") = "Jina.Domain.Service.Example", "src\03.Domain.Service\Jina.Domain.Service.Example\Jina.Domain.Service.Example.csproj", "{780DE87C-8245-4F27-BCBB-B67CE4F07243}"
EndProject
Project("{9A19103F-16F7-4668-BE54-9A1E7A4F7556}") = "eXtensionSharp.AspNet", "..\eXtensionSharp.AspNet\src\eXtensionSharp.AspNet.csproj", "{86066B8F-D42A-44B7-A20E-CDD1E1ED1F70}"
EndProject
Project("{9A19103F-16F7-4668-BE54-9A1E7A4F7556}") = "Jina.Lang", "..\JINA\src\Jina.Lang\Jina.Lang.csproj", "{A7D9818A-5554-4989-B502-96DA96EA0763}"
EndProject
Project("{9A19103F-16F7-4668-BE54-9A1E7A4F7556}") = "Jina.Domain.Service.Language", "src\03.Domain.Service\Jina.Domain.Service.Language\Jina.Domain.Service.Language.csproj", "{D4216C32-8E87-4C28-AA47-B0396CFA1D5B}"
EndProject
Project("{9A19103F-16F7-4668-BE54-9A1E7A4F7556}") = "Jina.Passion.Client", "src\04.App\Jina.Passion.Client\Jina.Passion.Client.csproj", "{8CA72C1E-51AD-4DCA-96BB-5B32E872B969}"
EndProject
Project("{9A19103F-16F7-4668-BE54-9A1E7A4F7556}") = "Jina.Db.Test", "src\99.Test\Jina.Db.Test\Jina.Db.Test.csproj", "{9AF51F38-04FA-4DE8-8AAE-F0AB6D447B3D}"
EndProject
Project("{FAE04EC0-301F-11D3-BF4B-00C04F79EFBC}") = "Jina.Passion.Mud.Client", "src\04.App\Jina.Passion.Mud.Client\Jina.Passion.Mud.Client.csproj", "{0BF0295B-99D3-42F6-BF29-9FE2A6288A81}"
EndProject
Project("{FAE04EC0-301F-11D3-BF4B-00C04F79EFBC}") = "Jina.Passion.Client.Share", "src\04.App\Jina.Passion.Client.Share\Jina.Passion.Client.Share.csproj", "{B24CDF44-830D-467E-908A-0B8780837AF4}"
EndProject
Global
	GlobalSection(SolutionConfigurationPlatforms) = preSolution
		Debug|Any CPU = Debug|Any CPU
		Release|Any CPU = Release|Any CPU
	EndGlobalSection
	GlobalSection(ProjectConfigurationPlatforms) = postSolution
		{76C4D4E5-A8DF-453D-8CE9-E8762770600D}.Debug|Any CPU.ActiveCfg = Debug|Any CPU
		{76C4D4E5-A8DF-453D-8CE9-E8762770600D}.Debug|Any CPU.Build.0 = Debug|Any CPU
		{76C4D4E5-A8DF-453D-8CE9-E8762770600D}.Release|Any CPU.ActiveCfg = Release|Any CPU
		{76C4D4E5-A8DF-453D-8CE9-E8762770600D}.Release|Any CPU.Build.0 = Release|Any CPU
		{4EFE0584-9B46-4500-97D6-8EC1B07DB00D}.Debug|Any CPU.ActiveCfg = Debug|Any CPU
		{4EFE0584-9B46-4500-97D6-8EC1B07DB00D}.Debug|Any CPU.Build.0 = Debug|Any CPU
		{4EFE0584-9B46-4500-97D6-8EC1B07DB00D}.Release|Any CPU.ActiveCfg = Release|Any CPU
		{4EFE0584-9B46-4500-97D6-8EC1B07DB00D}.Release|Any CPU.Build.0 = Release|Any CPU
		{FD63FA03-54A5-42B8-80A0-3EFAD8163E65}.Debug|Any CPU.ActiveCfg = Debug|Any CPU
		{FD63FA03-54A5-42B8-80A0-3EFAD8163E65}.Debug|Any CPU.Build.0 = Debug|Any CPU
		{FD63FA03-54A5-42B8-80A0-3EFAD8163E65}.Release|Any CPU.ActiveCfg = Release|Any CPU
		{FD63FA03-54A5-42B8-80A0-3EFAD8163E65}.Release|Any CPU.Build.0 = Release|Any CPU
		{BDA820E2-A031-4C25-9B50-D17AE3D598E6}.Debug|Any CPU.ActiveCfg = Debug|Any CPU
		{BDA820E2-A031-4C25-9B50-D17AE3D598E6}.Debug|Any CPU.Build.0 = Debug|Any CPU
		{BDA820E2-A031-4C25-9B50-D17AE3D598E6}.Release|Any CPU.ActiveCfg = Release|Any CPU
		{BDA820E2-A031-4C25-9B50-D17AE3D598E6}.Release|Any CPU.Build.0 = Release|Any CPU
		{E5D95032-008F-4C05-AEC9-13FD5D10BDA5}.Debug|Any CPU.ActiveCfg = Debug|Any CPU
		{E5D95032-008F-4C05-AEC9-13FD5D10BDA5}.Debug|Any CPU.Build.0 = Debug|Any CPU
		{E5D95032-008F-4C05-AEC9-13FD5D10BDA5}.Release|Any CPU.ActiveCfg = Release|Any CPU
		{E5D95032-008F-4C05-AEC9-13FD5D10BDA5}.Release|Any CPU.Build.0 = Release|Any CPU
		{1287740B-98F0-409C-A7EC-A10ABC33DCF3}.Debug|Any CPU.ActiveCfg = Debug|Any CPU
		{1287740B-98F0-409C-A7EC-A10ABC33DCF3}.Debug|Any CPU.Build.0 = Debug|Any CPU
		{1287740B-98F0-409C-A7EC-A10ABC33DCF3}.Release|Any CPU.ActiveCfg = Release|Any CPU
		{1287740B-98F0-409C-A7EC-A10ABC33DCF3}.Release|Any CPU.Build.0 = Release|Any CPU
		{51EF63FC-B36C-42B7-AA4C-82A5E7F3A373}.Debug|Any CPU.ActiveCfg = Debug|Any CPU
		{51EF63FC-B36C-42B7-AA4C-82A5E7F3A373}.Debug|Any CPU.Build.0 = Debug|Any CPU
		{51EF63FC-B36C-42B7-AA4C-82A5E7F3A373}.Release|Any CPU.ActiveCfg = Release|Any CPU
		{51EF63FC-B36C-42B7-AA4C-82A5E7F3A373}.Release|Any CPU.Build.0 = Release|Any CPU
		{E9301D03-5C01-4F75-85CF-75934E385767}.Debug|Any CPU.ActiveCfg = Debug|Any CPU
		{E9301D03-5C01-4F75-85CF-75934E385767}.Debug|Any CPU.Build.0 = Debug|Any CPU
		{E9301D03-5C01-4F75-85CF-75934E385767}.Release|Any CPU.ActiveCfg = Release|Any CPU
		{E9301D03-5C01-4F75-85CF-75934E385767}.Release|Any CPU.Build.0 = Release|Any CPU
		{584A48F8-D711-4BDD-B734-3300C66C836A}.Debug|Any CPU.ActiveCfg = Debug|Any CPU
		{584A48F8-D711-4BDD-B734-3300C66C836A}.Debug|Any CPU.Build.0 = Debug|Any CPU
		{584A48F8-D711-4BDD-B734-3300C66C836A}.Release|Any CPU.ActiveCfg = Release|Any CPU
		{584A48F8-D711-4BDD-B734-3300C66C836A}.Release|Any CPU.Build.0 = Release|Any CPU
		{04C0959D-8ADD-4847-A994-300BC2341A0C}.Debug|Any CPU.ActiveCfg = Debug|Any CPU
		{04C0959D-8ADD-4847-A994-300BC2341A0C}.Debug|Any CPU.Build.0 = Debug|Any CPU
		{04C0959D-8ADD-4847-A994-300BC2341A0C}.Release|Any CPU.ActiveCfg = Release|Any CPU
		{04C0959D-8ADD-4847-A994-300BC2341A0C}.Release|Any CPU.Build.0 = Release|Any CPU
		{780DE87C-8245-4F27-BCBB-B67CE4F07243}.Debug|Any CPU.ActiveCfg = Debug|Any CPU
		{780DE87C-8245-4F27-BCBB-B67CE4F07243}.Debug|Any CPU.Build.0 = Debug|Any CPU
		{780DE87C-8245-4F27-BCBB-B67CE4F07243}.Release|Any CPU.ActiveCfg = Release|Any CPU
		{780DE87C-8245-4F27-BCBB-B67CE4F07243}.Release|Any CPU.Build.0 = Release|Any CPU
		{86066B8F-D42A-44B7-A20E-CDD1E1ED1F70}.Debug|Any CPU.ActiveCfg = Debug|Any CPU
		{86066B8F-D42A-44B7-A20E-CDD1E1ED1F70}.Debug|Any CPU.Build.0 = Debug|Any CPU
		{86066B8F-D42A-44B7-A20E-CDD1E1ED1F70}.Release|Any CPU.ActiveCfg = Release|Any CPU
		{86066B8F-D42A-44B7-A20E-CDD1E1ED1F70}.Release|Any CPU.Build.0 = Release|Any CPU
		{A7D9818A-5554-4989-B502-96DA96EA0763}.Debug|Any CPU.ActiveCfg = Debug|Any CPU
		{A7D9818A-5554-4989-B502-96DA96EA0763}.Debug|Any CPU.Build.0 = Debug|Any CPU
		{A7D9818A-5554-4989-B502-96DA96EA0763}.Release|Any CPU.ActiveCfg = Release|Any CPU
		{A7D9818A-5554-4989-B502-96DA96EA0763}.Release|Any CPU.Build.0 = Release|Any CPU
		{D4216C32-8E87-4C28-AA47-B0396CFA1D5B}.Debug|Any CPU.ActiveCfg = Debug|Any CPU
		{D4216C32-8E87-4C28-AA47-B0396CFA1D5B}.Debug|Any CPU.Build.0 = Debug|Any CPU
		{D4216C32-8E87-4C28-AA47-B0396CFA1D5B}.Release|Any CPU.ActiveCfg = Release|Any CPU
		{D4216C32-8E87-4C28-AA47-B0396CFA1D5B}.Release|Any CPU.Build.0 = Release|Any CPU
		{8CA72C1E-51AD-4DCA-96BB-5B32E872B969}.Debug|Any CPU.ActiveCfg = Debug|Any CPU
		{8CA72C1E-51AD-4DCA-96BB-5B32E872B969}.Debug|Any CPU.Build.0 = Debug|Any CPU
		{8CA72C1E-51AD-4DCA-96BB-5B32E872B969}.Release|Any CPU.ActiveCfg = Release|Any CPU
		{8CA72C1E-51AD-4DCA-96BB-5B32E872B969}.Release|Any CPU.Build.0 = Release|Any CPU
		{9AF51F38-04FA-4DE8-8AAE-F0AB6D447B3D}.Debug|Any CPU.ActiveCfg = Debug|Any CPU
		{9AF51F38-04FA-4DE8-8AAE-F0AB6D447B3D}.Debug|Any CPU.Build.0 = Debug|Any CPU
		{9AF51F38-04FA-4DE8-8AAE-F0AB6D447B3D}.Release|Any CPU.ActiveCfg = Release|Any CPU
		{9AF51F38-04FA-4DE8-8AAE-F0AB6D447B3D}.Release|Any CPU.Build.0 = Release|Any CPU
		{0BF0295B-99D3-42F6-BF29-9FE2A6288A81}.Debug|Any CPU.ActiveCfg = Debug|Any CPU
		{0BF0295B-99D3-42F6-BF29-9FE2A6288A81}.Debug|Any CPU.Build.0 = Debug|Any CPU
		{0BF0295B-99D3-42F6-BF29-9FE2A6288A81}.Release|Any CPU.ActiveCfg = Release|Any CPU
		{0BF0295B-99D3-42F6-BF29-9FE2A6288A81}.Release|Any CPU.Build.0 = Release|Any CPU
		{B24CDF44-830D-467E-908A-0B8780837AF4}.Debug|Any CPU.ActiveCfg = Debug|Any CPU
		{B24CDF44-830D-467E-908A-0B8780837AF4}.Debug|Any CPU.Build.0 = Debug|Any CPU
		{B24CDF44-830D-467E-908A-0B8780837AF4}.Release|Any CPU.ActiveCfg = Release|Any CPU
		{B24CDF44-830D-467E-908A-0B8780837AF4}.Release|Any CPU.Build.0 = Release|Any CPU
	EndGlobalSection
	GlobalSection(SolutionProperties) = preSolution
		HideSolutionNode = FALSE
	EndGlobalSection
	GlobalSection(NestedProjects) = preSolution
		{76C4D4E5-A8DF-453D-8CE9-E8762770600D} = {3F109823-B924-4BA9-A4A3-7164AAEF9AE9}
		{4EFE0584-9B46-4500-97D6-8EC1B07DB00D} = {6F47E8DE-ACB5-4289-AB9B-BACE6975DB24}
		{FD63FA03-54A5-42B8-80A0-3EFAD8163E65} = {6F47E8DE-ACB5-4289-AB9B-BACE6975DB24}
		{BDA820E2-A031-4C25-9B50-D17AE3D598E6} = {10E5DA75-9ACE-4679-989B-72EB734E4D99}
		{E5D95032-008F-4C05-AEC9-13FD5D10BDA5} = {10E5DA75-9ACE-4679-989B-72EB734E4D99}
		{1287740B-98F0-409C-A7EC-A10ABC33DCF3} = {10E5DA75-9ACE-4679-989B-72EB734E4D99}
		{51EF63FC-B36C-42B7-AA4C-82A5E7F3A373} = {5C97BB6E-1790-4E15-A309-7820E662D5F6}
		{E9301D03-5C01-4F75-85CF-75934E385767} = {6F47E8DE-ACB5-4289-AB9B-BACE6975DB24}
		{584A48F8-D711-4BDD-B734-3300C66C836A} = {D54D4183-2360-42E0-8C86-A3F553F61E49}
		{04C0959D-8ADD-4847-A994-300BC2341A0C} = {5C97BB6E-1790-4E15-A309-7820E662D5F6}
		{780DE87C-8245-4F27-BCBB-B67CE4F07243} = {10E5DA75-9ACE-4679-989B-72EB734E4D99}
		{86066B8F-D42A-44B7-A20E-CDD1E1ED1F70} = {5C97BB6E-1790-4E15-A309-7820E662D5F6}
		{A7D9818A-5554-4989-B502-96DA96EA0763} = {5C97BB6E-1790-4E15-A309-7820E662D5F6}
		{D4216C32-8E87-4C28-AA47-B0396CFA1D5B} = {10E5DA75-9ACE-4679-989B-72EB734E4D99}
		{8CA72C1E-51AD-4DCA-96BB-5B32E872B969} = {3F109823-B924-4BA9-A4A3-7164AAEF9AE9}
		{9AF51F38-04FA-4DE8-8AAE-F0AB6D447B3D} = {D54D4183-2360-42E0-8C86-A3F553F61E49}
		{0BF0295B-99D3-42F6-BF29-9FE2A6288A81} = {3F109823-B924-4BA9-A4A3-7164AAEF9AE9}
		{B24CDF44-830D-467E-908A-0B8780837AF4} = {3F109823-B924-4BA9-A4A3-7164AAEF9AE9}
	EndGlobalSection
	GlobalSection(ExtensibilityGlobals) = postSolution
		SolutionGuid = {D3F399BD-DFC6-41B1-9452-44E74499EF10}
	EndGlobalSection
EndGlobal
