
Microsoft Visual Studio Solution File, Format Version 12.00
# Visual Studio Version 17
VisualStudioVersion = 17.5.002.0
MinimumVisualStudioVersion = 10.0.40219.1
Project("{2150E333-8FDC-42A3-9474-1A3956D46DE8}") = "01.Infra", "01.Infra", "{4D3B7A15-2778-4735-81C3-5162F92FE7B9}"
EndProject
Project("{9A19103F-16F7-4668-BE54-9A1E7A4F7556}") = "Jina.Validate", "01.Infra\Jina.Validate\Jina.Validate.csproj", "{679DC035-5A92-492F-A55D-9E958DFFB86E}"
EndProject
Project("{2150E333-8FDC-42A3-9474-1A3956D46DE8}") = "02.Domain", "02.Domain", "{DBC3CE60-0BD1-4D48-BE48-41CAF540983D}"
EndProject
Project("{9A19103F-16F7-4668-BE54-9A1E7A4F7556}") = "Jina.Domain", "02.Domain\Jina.Domain\Jina.Domain.csproj", "{4A9CF1DE-6FDE-4FAF-BE9B-4ACD5DD5AAA1}"
EndProject
Project("{9A19103F-16F7-4668-BE54-9A1E7A4F7556}") = "Jina.Domain.Abstract", "02.Domain\Jina.Domain.Abstract\Jina.Domain.Abstract.csproj", "{A9F85C64-A4D4-45DD-86F6-7C66E3C9C00E}"
EndProject
Project("{9A19103F-16F7-4668-BE54-9A1E7A4F7556}") = "Jina.Domain.Entity", "02.Domain\Jina.Domain.Entity\Jina.Domain.Entity.csproj", "{6CD87209-44B2-4D54-B72A-BCF28EC764B5}"
EndProject
Project("{9A19103F-16F7-4668-BE54-9A1E7A4F7556}") = "Jina.Domain.Infra", "02.Domain\Jina.Domain.Infra\Jina.Domain.Infra.csproj", "{3BADCAB5-7069-4571-AAED-138F9977DD1E}"
EndProject
Project("{2150E333-8FDC-42A3-9474-1A3956D46DE8}") = "03.Domain.Service", "03.Domain.Service", "{9C603781-872B-4A36-BDEC-C36D11038FDE}"
EndProject
Project("{9A19103F-16F7-4668-BE54-9A1E7A4F7556}") = "Jina.Domain.Service.Account", "03.Domain.Service\Jina.Domain.Service.Account\Jina.Domain.Service.Account.csproj", "{D9741AD2-ACEB-4C89-90B6-CD91CC5F80B3}"
EndProject
Project("{9A19103F-16F7-4668-BE54-9A1E7A4F7556}") = "Jina.Domain.Service.Example", "03.Domain.Service\Jina.Domain.Service.Example\Jina.Domain.Service.Example.csproj", "{6C8B3330-6A46-48CD-8A44-C23B866D268D}"
EndProject
Project("{9A19103F-16F7-4668-BE54-9A1E7A4F7556}") = "Jina.Domain.Service.MultiLanguage", "03.Domain.Service\Jina.Domain.Service.MultiLanguage\Jina.Domain.Service.MultiLanguage.csproj", "{72AD0A0D-7732-4690-8C19-13182F8A8C82}"
EndProject
Project("{9A19103F-16F7-4668-BE54-9A1E7A4F7556}") = "Jina.Domain.Service.Net", "03.Domain.Service\Jina.Domain.Service.Net\Jina.Domain.Service.Net.csproj", "{DD8FF41B-293A-4A74-9A11-B12F7C60B3C8}"
EndProject
Project("{2150E333-8FDC-42A3-9474-1A3956D46DE8}") = "04.App", "04.App", "{87490C30-BB5C-4AC8-B4D5-E37FBA032BF4}"
EndProject
Project("{9A19103F-16F7-4668-BE54-9A1E7A4F7556}") = "Jina.Passion.Api", "04.App\Jina.Passion.Api\Jina.Passion.Api.csproj", "{B16869DB-D849-44CB-BE1C-B87D4B00B303}"
EndProject
Project("{9A19103F-16F7-4668-BE54-9A1E7A4F7556}") = "Jina.Passion.Client", "04.App\Jina.Passion.Client\Jina.Passion.Client.csproj", "{998E44D5-B34F-49C2-AB6F-1E95ABE951B1}"
EndProject
Project("{2150E333-8FDC-42A3-9474-1A3956D46DE8}") = "99.Test", "99.Test", "{B12514A6-9DB9-459A-9413-0CA61BABA7BF}"
EndProject
Project("{9A19103F-16F7-4668-BE54-9A1E7A4F7556}") = "Jina.Test", "99.Test\Jina.Test\Jina.Test.csproj", "{2F6B55E7-8DB7-4A8B-A6DB-A67A628B5C6C}"
EndProject
Global
	GlobalSection(SolutionConfigurationPlatforms) = preSolution
		Debug|Any CPU = Debug|Any CPU
		Release|Any CPU = Release|Any CPU
	EndGlobalSection
	GlobalSection(ProjectConfigurationPlatforms) = postSolution
		{679DC035-5A92-492F-A55D-9E958DFFB86E}.Debug|Any CPU.ActiveCfg = Debug|Any CPU
		{679DC035-5A92-492F-A55D-9E958DFFB86E}.Debug|Any CPU.Build.0 = Debug|Any CPU
		{679DC035-5A92-492F-A55D-9E958DFFB86E}.Release|Any CPU.ActiveCfg = Release|Any CPU
		{679DC035-5A92-492F-A55D-9E958DFFB86E}.Release|Any CPU.Build.0 = Release|Any CPU
		{4A9CF1DE-6FDE-4FAF-BE9B-4ACD5DD5AAA1}.Debug|Any CPU.ActiveCfg = Debug|Any CPU
		{4A9CF1DE-6FDE-4FAF-BE9B-4ACD5DD5AAA1}.Debug|Any CPU.Build.0 = Debug|Any CPU
		{4A9CF1DE-6FDE-4FAF-BE9B-4ACD5DD5AAA1}.Release|Any CPU.ActiveCfg = Release|Any CPU
		{4A9CF1DE-6FDE-4FAF-BE9B-4ACD5DD5AAA1}.Release|Any CPU.Build.0 = Release|Any CPU
		{A9F85C64-A4D4-45DD-86F6-7C66E3C9C00E}.Debug|Any CPU.ActiveCfg = Debug|Any CPU
		{A9F85C64-A4D4-45DD-86F6-7C66E3C9C00E}.Debug|Any CPU.Build.0 = Debug|Any CPU
		{A9F85C64-A4D4-45DD-86F6-7C66E3C9C00E}.Release|Any CPU.ActiveCfg = Release|Any CPU
		{A9F85C64-A4D4-45DD-86F6-7C66E3C9C00E}.Release|Any CPU.Build.0 = Release|Any CPU
		{6CD87209-44B2-4D54-B72A-BCF28EC764B5}.Debug|Any CPU.ActiveCfg = Debug|Any CPU
		{6CD87209-44B2-4D54-B72A-BCF28EC764B5}.Debug|Any CPU.Build.0 = Debug|Any CPU
		{6CD87209-44B2-4D54-B72A-BCF28EC764B5}.Release|Any CPU.ActiveCfg = Release|Any CPU
		{6CD87209-44B2-4D54-B72A-BCF28EC764B5}.Release|Any CPU.Build.0 = Release|Any CPU
		{3BADCAB5-7069-4571-AAED-138F9977DD1E}.Debug|Any CPU.ActiveCfg = Debug|Any CPU
		{3BADCAB5-7069-4571-AAED-138F9977DD1E}.Debug|Any CPU.Build.0 = Debug|Any CPU
		{3BADCAB5-7069-4571-AAED-138F9977DD1E}.Release|Any CPU.ActiveCfg = Release|Any CPU
		{3BADCAB5-7069-4571-AAED-138F9977DD1E}.Release|Any CPU.Build.0 = Release|Any CPU
		{D9741AD2-ACEB-4C89-90B6-CD91CC5F80B3}.Debug|Any CPU.ActiveCfg = Debug|Any CPU
		{D9741AD2-ACEB-4C89-90B6-CD91CC5F80B3}.Debug|Any CPU.Build.0 = Debug|Any CPU
		{D9741AD2-ACEB-4C89-90B6-CD91CC5F80B3}.Release|Any CPU.ActiveCfg = Release|Any CPU
		{D9741AD2-ACEB-4C89-90B6-CD91CC5F80B3}.Release|Any CPU.Build.0 = Release|Any CPU
		{6C8B3330-6A46-48CD-8A44-C23B866D268D}.Debug|Any CPU.ActiveCfg = Debug|Any CPU
		{6C8B3330-6A46-48CD-8A44-C23B866D268D}.Debug|Any CPU.Build.0 = Debug|Any CPU
		{6C8B3330-6A46-48CD-8A44-C23B866D268D}.Release|Any CPU.ActiveCfg = Release|Any CPU
		{6C8B3330-6A46-48CD-8A44-C23B866D268D}.Release|Any CPU.Build.0 = Release|Any CPU
		{72AD0A0D-7732-4690-8C19-13182F8A8C82}.Debug|Any CPU.ActiveCfg = Debug|Any CPU
		{72AD0A0D-7732-4690-8C19-13182F8A8C82}.Debug|Any CPU.Build.0 = Debug|Any CPU
		{72AD0A0D-7732-4690-8C19-13182F8A8C82}.Release|Any CPU.ActiveCfg = Release|Any CPU
		{72AD0A0D-7732-4690-8C19-13182F8A8C82}.Release|Any CPU.Build.0 = Release|Any CPU
		{DD8FF41B-293A-4A74-9A11-B12F7C60B3C8}.Debug|Any CPU.ActiveCfg = Debug|Any CPU
		{DD8FF41B-293A-4A74-9A11-B12F7C60B3C8}.Debug|Any CPU.Build.0 = Debug|Any CPU
		{DD8FF41B-293A-4A74-9A11-B12F7C60B3C8}.Release|Any CPU.ActiveCfg = Release|Any CPU
		{DD8FF41B-293A-4A74-9A11-B12F7C60B3C8}.Release|Any CPU.Build.0 = Release|Any CPU
		{B16869DB-D849-44CB-BE1C-B87D4B00B303}.Debug|Any CPU.ActiveCfg = Debug|Any CPU
		{B16869DB-D849-44CB-BE1C-B87D4B00B303}.Debug|Any CPU.Build.0 = Debug|Any CPU
		{B16869DB-D849-44CB-BE1C-B87D4B00B303}.Release|Any CPU.ActiveCfg = Release|Any CPU
		{B16869DB-D849-44CB-BE1C-B87D4B00B303}.Release|Any CPU.Build.0 = Release|Any CPU
		{998E44D5-B34F-49C2-AB6F-1E95ABE951B1}.Debug|Any CPU.ActiveCfg = Debug|Any CPU
		{998E44D5-B34F-49C2-AB6F-1E95ABE951B1}.Debug|Any CPU.Build.0 = Debug|Any CPU
		{998E44D5-B34F-49C2-AB6F-1E95ABE951B1}.Release|Any CPU.ActiveCfg = Release|Any CPU
		{998E44D5-B34F-49C2-AB6F-1E95ABE951B1}.Release|Any CPU.Build.0 = Release|Any CPU
		{2F6B55E7-8DB7-4A8B-A6DB-A67A628B5C6C}.Debug|Any CPU.ActiveCfg = Debug|Any CPU
		{2F6B55E7-8DB7-4A8B-A6DB-A67A628B5C6C}.Debug|Any CPU.Build.0 = Debug|Any CPU
		{2F6B55E7-8DB7-4A8B-A6DB-A67A628B5C6C}.Release|Any CPU.ActiveCfg = Release|Any CPU
		{2F6B55E7-8DB7-4A8B-A6DB-A67A628B5C6C}.Release|Any CPU.Build.0 = Release|Any CPU
	EndGlobalSection
	GlobalSection(SolutionProperties) = preSolution
		HideSolutionNode = FALSE
	EndGlobalSection
	GlobalSection(NestedProjects) = preSolution
		{679DC035-5A92-492F-A55D-9E958DFFB86E} = {4D3B7A15-2778-4735-81C3-5162F92FE7B9}
		{4A9CF1DE-6FDE-4FAF-BE9B-4ACD5DD5AAA1} = {DBC3CE60-0BD1-4D48-BE48-41CAF540983D}
		{A9F85C64-A4D4-45DD-86F6-7C66E3C9C00E} = {DBC3CE60-0BD1-4D48-BE48-41CAF540983D}
		{6CD87209-44B2-4D54-B72A-BCF28EC764B5} = {DBC3CE60-0BD1-4D48-BE48-41CAF540983D}
		{3BADCAB5-7069-4571-AAED-138F9977DD1E} = {DBC3CE60-0BD1-4D48-BE48-41CAF540983D}
		{D9741AD2-ACEB-4C89-90B6-CD91CC5F80B3} = {9C603781-872B-4A36-BDEC-C36D11038FDE}
		{6C8B3330-6A46-48CD-8A44-C23B866D268D} = {9C603781-872B-4A36-BDEC-C36D11038FDE}
		{72AD0A0D-7732-4690-8C19-13182F8A8C82} = {9C603781-872B-4A36-BDEC-C36D11038FDE}
		{DD8FF41B-293A-4A74-9A11-B12F7C60B3C8} = {9C603781-872B-4A36-BDEC-C36D11038FDE}
		{B16869DB-D849-44CB-BE1C-B87D4B00B303} = {87490C30-BB5C-4AC8-B4D5-E37FBA032BF4}
		{998E44D5-B34F-49C2-AB6F-1E95ABE951B1} = {87490C30-BB5C-4AC8-B4D5-E37FBA032BF4}
		{2F6B55E7-8DB7-4A8B-A6DB-A67A628B5C6C} = {B12514A6-9DB9-459A-9413-0CA61BABA7BF}
	EndGlobalSection
	GlobalSection(ExtensibilityGlobals) = postSolution
		SolutionGuid = {A2DB3A30-90E0-44CF-80DA-2B9BA6836FF8}
	EndGlobalSection
EndGlobal
